// !$*UTF8*$!
{
	archiveVersion = 1;
	classes = {
	};
	objectVersion = 46;
	objects = {

/* Begin PBXBuildFile section */
		F3CC946918AC9BCA00129BA1 /* Foundation.framework in Frameworks */ = {isa = PBXBuildFile; fileRef = F3CC946818AC9BCA00129BA1 /* Foundation.framework */; };
		F3CC946B18AC9BCA00129BA1 /* CoreGraphics.framework in Frameworks */ = {isa = PBXBuildFile; fileRef = F3CC946A18AC9BCA00129BA1 /* CoreGraphics.framework */; };
		F3CC946D18AC9BCA00129BA1 /* UIKit.framework in Frameworks */ = {isa = PBXBuildFile; fileRef = F3CC946C18AC9BCA00129BA1 /* UIKit.framework */; };
		F3CC947318AC9BCA00129BA1 /* InfoPlist.strings in Resources */ = {isa = PBXBuildFile; fileRef = F3CC947118AC9BCA00129BA1 /* InfoPlist.strings */; };
		F3CC947518AC9BCA00129BA1 /* main.m in Sources */ = {isa = PBXBuildFile; fileRef = F3CC947418AC9BCA00129BA1 /* main.m */; };
		F3CC947918AC9BCA00129BA1 /* AppDelegate.m in Sources */ = {isa = PBXBuildFile; fileRef = F3CC947818AC9BCA00129BA1 /* AppDelegate.m */; };
		F3CC947C18AC9BCA00129BA1 /* Main.storyboard in Resources */ = {isa = PBXBuildFile; fileRef = F3CC947A18AC9BCA00129BA1 /* Main.storyboard */; };
		F3CC948118AC9BCA00129BA1 /* Images.xcassets in Resources */ = {isa = PBXBuildFile; fileRef = F3CC948018AC9BCA00129BA1 /* Images.xcassets */; };
		F3CC948818AC9BCA00129BA1 /* XCTest.framework in Frameworks */ = {isa = PBXBuildFile; fileRef = F3CC948718AC9BCA00129BA1 /* XCTest.framework */; };
		F3CC948918AC9BCA00129BA1 /* Foundation.framework in Frameworks */ = {isa = PBXBuildFile; fileRef = F3CC946818AC9BCA00129BA1 /* Foundation.framework */; };
		F3CC948A18AC9BCA00129BA1 /* UIKit.framework in Frameworks */ = {isa = PBXBuildFile; fileRef = F3CC946C18AC9BCA00129BA1 /* UIKit.framework */; };
		F3CC949218AC9BCA00129BA1 /* InfoPlist.strings in Resources */ = {isa = PBXBuildFile; fileRef = F3CC949018AC9BCA00129BA1 /* InfoPlist.strings */; };
		F3CC949418AC9BCA00129BA1 /* SparkCoreDemoTests.m in Sources */ = {isa = PBXBuildFile; fileRef = F3CC949318AC9BCA00129BA1 /* SparkCoreDemoTests.m */; };
		F3CC94A118AC9BE900129BA1 /* ViewController.m in Sources */ = {isa = PBXBuildFile; fileRef = F3CC949E18AC9BE900129BA1 /* ViewController.m */; };
		F3CC94A218AC9BE900129BA1 /* SparkCore.m in Sources */ = {isa = PBXBuildFile; fileRef = F3CC94A018AC9BE900129BA1 /* SparkCore.m */; };
/* End PBXBuildFile section */

/* Begin PBXContainerItemProxy section */
		F3CC948B18AC9BCA00129BA1 /* PBXContainerItemProxy */ = {
			isa = PBXContainerItemProxy;
			containerPortal = F3CC945D18AC9BCA00129BA1 /* Project object */;
			proxyType = 1;
			remoteGlobalIDString = F3CC946418AC9BCA00129BA1;
			remoteInfo = SparkCoreDemo;
		};
/* End PBXContainerItemProxy section */

/* Begin PBXFileReference section */
		F3CC946518AC9BCA00129BA1 /* SparkCoreDemo.app */ = {isa = PBXFileReference; explicitFileType = wrapper.application; includeInIndex = 0; path = SparkCoreDemo.app; sourceTree = BUILT_PRODUCTS_DIR; };
		F3CC946818AC9BCA00129BA1 /* Foundation.framework */ = {isa = PBXFileReference; lastKnownFileType = wrapper.framework; name = Foundation.framework; path = System/Library/Frameworks/Foundation.framework; sourceTree = SDKROOT; };
		F3CC946A18AC9BCA00129BA1 /* CoreGraphics.framework */ = {isa = PBXFileReference; lastKnownFileType = wrapper.framework; name = CoreGraphics.framework; path = System/Library/Frameworks/CoreGraphics.framework; sourceTree = SDKROOT; };
		F3CC946C18AC9BCA00129BA1 /* UIKit.framework */ = {isa = PBXFileReference; lastKnownFileType = wrapper.framework; name = UIKit.framework; path = System/Library/Frameworks/UIKit.framework; sourceTree = SDKROOT; };
		F3CC947018AC9BCA00129BA1 /* SparkCoreDemo-Info.plist */ = {isa = PBXFileReference; lastKnownFileType = text.plist.xml; path = "SparkCoreDemo-Info.plist"; sourceTree = "<group>"; };
		F3CC947218AC9BCA00129BA1 /* en */ = {isa = PBXFileReference; lastKnownFileType = text.plist.strings; name = en; path = en.lproj/InfoPlist.strings; sourceTree = "<group>"; };
		F3CC947418AC9BCA00129BA1 /* main.m */ = {isa = PBXFileReference; lastKnownFileType = sourcecode.c.objc; path = main.m; sourceTree = "<group>"; };
		F3CC947618AC9BCA00129BA1 /* SparkCoreDemo-Prefix.pch */ = {isa = PBXFileReference; lastKnownFileType = sourcecode.c.h; path = "SparkCoreDemo-Prefix.pch"; sourceTree = "<group>"; };
		F3CC947718AC9BCA00129BA1 /* AppDelegate.h */ = {isa = PBXFileReference; lastKnownFileType = sourcecode.c.h; path = AppDelegate.h; sourceTree = "<group>"; };
		F3CC947818AC9BCA00129BA1 /* AppDelegate.m */ = {isa = PBXFileReference; lastKnownFileType = sourcecode.c.objc; path = AppDelegate.m; sourceTree = "<group>"; };
		F3CC947B18AC9BCA00129BA1 /* Base */ = {isa = PBXFileReference; lastKnownFileType = file.storyboard; name = Base; path = Base.lproj/Main.storyboard; sourceTree = "<group>"; };
		F3CC948018AC9BCA00129BA1 /* Images.xcassets */ = {isa = PBXFileReference; lastKnownFileType = folder.assetcatalog; path = Images.xcassets; sourceTree = "<group>"; };
		F3CC948618AC9BCA00129BA1 /* SparkCoreDemoTests.xctest */ = {isa = PBXFileReference; explicitFileType = wrapper.cfbundle; includeInIndex = 0; path = SparkCoreDemoTests.xctest; sourceTree = BUILT_PRODUCTS_DIR; };
		F3CC948718AC9BCA00129BA1 /* XCTest.framework */ = {isa = PBXFileReference; lastKnownFileType = wrapper.framework; name = XCTest.framework; path = Library/Frameworks/XCTest.framework; sourceTree = DEVELOPER_DIR; };
		F3CC948F18AC9BCA00129BA1 /* SparkCoreDemoTests-Info.plist */ = {isa = PBXFileReference; lastKnownFileType = text.plist.xml; path = "SparkCoreDemoTests-Info.plist"; sourceTree = "<group>"; };
		F3CC949118AC9BCA00129BA1 /* en */ = {isa = PBXFileReference; lastKnownFileType = text.plist.strings; name = en; path = en.lproj/InfoPlist.strings; sourceTree = "<group>"; };
		F3CC949318AC9BCA00129BA1 /* SparkCoreDemoTests.m */ = {isa = PBXFileReference; lastKnownFileType = sourcecode.c.objc; path = SparkCoreDemoTests.m; sourceTree = "<group>"; };
		F3CC949D18AC9BE900129BA1 /* ViewController.h */ = {isa = PBXFileReference; fileEncoding = 4; lastKnownFileType = sourcecode.c.h; path = ViewController.h; sourceTree = "<group>"; };
		F3CC949E18AC9BE900129BA1 /* ViewController.m */ = {isa = PBXFileReference; fileEncoding = 4; lastKnownFileType = sourcecode.c.objc; path = ViewController.m; sourceTree = "<group>"; };
		F3CC949F18AC9BE900129BA1 /* SparkCore.h */ = {isa = PBXFileReference; fileEncoding = 4; lastKnownFileType = sourcecode.c.h; path = SparkCore.h; sourceTree = "<group>"; };
		F3CC94A018AC9BE900129BA1 /* SparkCore.m */ = {isa = PBXFileReference; fileEncoding = 4; lastKnownFileType = sourcecode.c.objc; path = SparkCore.m; sourceTree = "<group>"; };
/* End PBXFileReference section */

/* Begin PBXFrameworksBuildPhase section */
		F3CC946218AC9BCA00129BA1 /* Frameworks */ = {
			isa = PBXFrameworksBuildPhase;
			buildActionMask = 2147483647;
			files = (
				F3CC946B18AC9BCA00129BA1 /* CoreGraphics.framework in Frameworks */,
				F3CC946D18AC9BCA00129BA1 /* UIKit.framework in Frameworks */,
				F3CC946918AC9BCA00129BA1 /* Foundation.framework in Frameworks */,
			);
			runOnlyForDeploymentPostprocessing = 0;
		};
		F3CC948318AC9BCA00129BA1 /* Frameworks */ = {
			isa = PBXFrameworksBuildPhase;
			buildActionMask = 2147483647;
			files = (
				F3CC948818AC9BCA00129BA1 /* XCTest.framework in Frameworks */,
				F3CC948A18AC9BCA00129BA1 /* UIKit.framework in Frameworks */,
				F3CC948918AC9BCA00129BA1 /* Foundation.framework in Frameworks */,
			);
			runOnlyForDeploymentPostprocessing = 0;
		};
/* End PBXFrameworksBuildPhase section */

/* Begin PBXGroup section */
		F3CC945C18AC9BCA00129BA1 = {
			isa = PBXGroup;
			children = (
				F3CC946E18AC9BCA00129BA1 /* SparkCoreDemo */,
				F3CC948D18AC9BCA00129BA1 /* SparkCoreDemoTests */,
				F3CC946718AC9BCA00129BA1 /* Frameworks */,
				F3CC946618AC9BCA00129BA1 /* Products */,
			);
			sourceTree = "<group>";
		};
		F3CC946618AC9BCA00129BA1 /* Products */ = {
			isa = PBXGroup;
			children = (
				F3CC946518AC9BCA00129BA1 /* SparkCoreDemo.app */,
				F3CC948618AC9BCA00129BA1 /* SparkCoreDemoTests.xctest */,
			);
			name = Products;
			sourceTree = "<group>";
		};
		F3CC946718AC9BCA00129BA1 /* Frameworks */ = {
			isa = PBXGroup;
			children = (
				F3CC946818AC9BCA00129BA1 /* Foundation.framework */,
				F3CC946A18AC9BCA00129BA1 /* CoreGraphics.framework */,
				F3CC946C18AC9BCA00129BA1 /* UIKit.framework */,
				F3CC948718AC9BCA00129BA1 /* XCTest.framework */,
			);
			name = Frameworks;
			sourceTree = "<group>";
		};
		F3CC946E18AC9BCA00129BA1 /* SparkCoreDemo */ = {
			isa = PBXGroup;
			children = (
				F3CC947718AC9BCA00129BA1 /* AppDelegate.h */,
				F3CC947818AC9BCA00129BA1 /* AppDelegate.m */,
				F3CC949D18AC9BE900129BA1 /* ViewController.h */,
				F3CC949E18AC9BE900129BA1 /* ViewController.m */,
				F3CC949F18AC9BE900129BA1 /* SparkCore.h */,
				F3CC94A018AC9BE900129BA1 /* SparkCore.m */,
				F3CC947A18AC9BCA00129BA1 /* Main.storyboard */,
				F3CC948018AC9BCA00129BA1 /* Images.xcassets */,
				F3CC946F18AC9BCA00129BA1 /* Supporting Files */,
			);
			path = SparkCoreDemo;
			sourceTree = "<group>";
		};
		F3CC946F18AC9BCA00129BA1 /* Supporting Files */ = {
			isa = PBXGroup;
			children = (
				F3CC947018AC9BCA00129BA1 /* SparkCoreDemo-Info.plist */,
				F3CC947118AC9BCA00129BA1 /* InfoPlist.strings */,
				F3CC947418AC9BCA00129BA1 /* main.m */,
				F3CC947618AC9BCA00129BA1 /* SparkCoreDemo-Prefix.pch */,
			);
			name = "Supporting Files";
			sourceTree = "<group>";
		};
		F3CC948D18AC9BCA00129BA1 /* SparkCoreDemoTests */ = {
			isa = PBXGroup;
			children = (
				F3CC949318AC9BCA00129BA1 /* SparkCoreDemoTests.m */,
				F3CC948E18AC9BCA00129BA1 /* Supporting Files */,
			);
			path = SparkCoreDemoTests;
			sourceTree = "<group>";
		};
		F3CC948E18AC9BCA00129BA1 /* Supporting Files */ = {
			isa = PBXGroup;
			children = (
				F3CC948F18AC9BCA00129BA1 /* SparkCoreDemoTests-Info.plist */,
				F3CC949018AC9BCA00129BA1 /* InfoPlist.strings */,
			);
			name = "Supporting Files";
			sourceTree = "<group>";
		};
/* End PBXGroup section */

/* Begin PBXNativeTarget section */
		F3CC946418AC9BCA00129BA1 /* SparkCoreDemo */ = {
			isa = PBXNativeTarget;
			buildConfigurationList = F3CC949718AC9BCA00129BA1 /* Build configuration list for PBXNativeTarget "SparkCoreDemo" */;
			buildPhases = (
				F3CC946118AC9BCA00129BA1 /* Sources */,
				F3CC946218AC9BCA00129BA1 /* Frameworks */,
				F3CC946318AC9BCA00129BA1 /* Resources */,
			);
			buildRules = (
			);
			dependencies = (
			);
			name = SparkCoreDemo;
			productName = SparkCoreDemo;
			productReference = F3CC946518AC9BCA00129BA1 /* SparkCoreDemo.app */;
			productType = "com.apple.product-type.application";
		};
		F3CC948518AC9BCA00129BA1 /* SparkCoreDemoTests */ = {
			isa = PBXNativeTarget;
			buildConfigurationList = F3CC949A18AC9BCA00129BA1 /* Build configuration list for PBXNativeTarget "SparkCoreDemoTests" */;
			buildPhases = (
				F3CC948218AC9BCA00129BA1 /* Sources */,
				F3CC948318AC9BCA00129BA1 /* Frameworks */,
				F3CC948418AC9BCA00129BA1 /* Resources */,
			);
			buildRules = (
			);
			dependencies = (
				F3CC948C18AC9BCA00129BA1 /* PBXTargetDependency */,
			);
			name = SparkCoreDemoTests;
			productName = SparkCoreDemoTests;
			productReference = F3CC948618AC9BCA00129BA1 /* SparkCoreDemoTests.xctest */;
			productType = "com.apple.product-type.bundle.unit-test";
		};
/* End PBXNativeTarget section */

/* Begin PBXProject section */
		F3CC945D18AC9BCA00129BA1 /* Project object */ = {
			isa = PBXProject;
			attributes = {
				LastUpgradeCheck = 0510;
				ORGANIZATIONNAME = "Eric G. DelMar";
				TargetAttributes = {
					F3CC948518AC9BCA00129BA1 = {
						TestTargetID = F3CC946418AC9BCA00129BA1;
					};
				};
			};
			buildConfigurationList = F3CC946018AC9BCA00129BA1 /* Build configuration list for PBXProject "SparkCoreDemo" */;
			compatibilityVersion = "Xcode 3.2";
			developmentRegion = English;
			hasScannedForEncodings = 0;
			knownRegions = (
				en,
				Base,
			);
			mainGroup = F3CC945C18AC9BCA00129BA1;
			productRefGroup = F3CC946618AC9BCA00129BA1 /* Products */;
			projectDirPath = "";
			projectRoot = "";
			targets = (
				F3CC946418AC9BCA00129BA1 /* SparkCoreDemo */,
				F3CC948518AC9BCA00129BA1 /* SparkCoreDemoTests */,
			);
		};
/* End PBXProject section */

/* Begin PBXResourcesBuildPhase section */
		F3CC946318AC9BCA00129BA1 /* Resources */ = {
			isa = PBXResourcesBuildPhase;
			buildActionMask = 2147483647;
			files = (
				F3CC948118AC9BCA00129BA1 /* Images.xcassets in Resources */,
				F3CC947318AC9BCA00129BA1 /* InfoPlist.strings in Resources */,
				F3CC947C18AC9BCA00129BA1 /* Main.storyboard in Resources */,
			);
			runOnlyForDeploymentPostprocessing = 0;
		};
		F3CC948418AC9BCA00129BA1 /* Resources */ = {
			isa = PBXResourcesBuildPhase;
			buildActionMask = 2147483647;
			files = (
				F3CC949218AC9BCA00129BA1 /* InfoPlist.strings in Resources */,
			);
			runOnlyForDeploymentPostprocessing = 0;
		};
/* End PBXResourcesBuildPhase section */

/* Begin PBXSourcesBuildPhase section */
		F3CC946118AC9BCA00129BA1 /* Sources */ = {
			isa = PBXSourcesBuildPhase;
			buildActionMask = 2147483647;
			files = (
				F3CC94A218AC9BE900129BA1 /* SparkCore.m in Sources */,
				F3CC94A118AC9BE900129BA1 /* ViewController.m in Sources */,
				F3CC947918AC9BCA00129BA1 /* AppDelegate.m in Sources */,
				F3CC947518AC9BCA00129BA1 /* main.m in Sources */,
			);
			runOnlyForDeploymentPostprocessing = 0;
		};
		F3CC948218AC9BCA00129BA1 /* Sources */ = {
			isa = PBXSourcesBuildPhase;
			buildActionMask = 2147483647;
			files = (
				F3CC949418AC9BCA00129BA1 /* SparkCoreDemoTests.m in Sources */,
			);
			runOnlyForDeploymentPostprocessing = 0;
		};
/* End PBXSourcesBuildPhase section */

/* Begin PBXTargetDependency section */
		F3CC948C18AC9BCA00129BA1 /* PBXTargetDependency */ = {
			isa = PBXTargetDependency;
			target = F3CC946418AC9BCA00129BA1 /* SparkCoreDemo */;
			targetProxy = F3CC948B18AC9BCA00129BA1 /* PBXContainerItemProxy */;
		};
/* End PBXTargetDependency section */

/* Begin PBXVariantGroup section */
		F3CC947118AC9BCA00129BA1 /* InfoPlist.strings */ = {
			isa = PBXVariantGroup;
			children = (
				F3CC947218AC9BCA00129BA1 /* en */,
			);
			name = InfoPlist.strings;
			sourceTree = "<group>";
		};
		F3CC947A18AC9BCA00129BA1 /* Main.storyboard */ = {
			isa = PBXVariantGroup;
			children = (
				F3CC947B18AC9BCA00129BA1 /* Base */,
			);
			name = Main.storyboard;
			sourceTree = "<group>";
		};
		F3CC949018AC9BCA00129BA1 /* InfoPlist.strings */ = {
			isa = PBXVariantGroup;
			children = (
				F3CC949118AC9BCA00129BA1 /* en */,
			);
			name = InfoPlist.strings;
			sourceTree = "<group>";
		};
/* End PBXVariantGroup section */

/* Begin XCBuildConfiguration section */
		F3CC949518AC9BCA00129BA1 /* Debug */ = {
			isa = XCBuildConfiguration;
			buildSettings = {
				ALWAYS_SEARCH_USER_PATHS = NO;
				CLANG_CXX_LANGUAGE_STANDARD = "gnu++0x";
				CLANG_CXX_LIBRARY = "libc++";
				CLANG_ENABLE_MODULES = YES;
				CLANG_ENABLE_OBJC_ARC = YES;
				CLANG_WARN_BOOL_CONVERSION = YES;
				CLANG_WARN_CONSTANT_CONVERSION = YES;
				CLANG_WARN_DIRECT_OBJC_ISA_USAGE = YES_ERROR;
				CLANG_WARN_EMPTY_BODY = YES;
				CLANG_WARN_ENUM_CONVERSION = YES;
				CLANG_WARN_INT_CONVERSION = YES;
				CLANG_WARN_OBJC_ROOT_CLASS = YES_ERROR;
				CLANG_WARN__DUPLICATE_METHOD_MATCH = YES;
				"CODE_SIGN_IDENTITY[sdk=iphoneos*]" = "iPhone Developer";
				COPY_PHASE_STRIP = NO;
				GCC_C_LANGUAGE_STANDARD = gnu99;
				GCC_DYNAMIC_NO_PIC = NO;
				GCC_OPTIMIZATION_LEVEL = 0;
				GCC_PREPROCESSOR_DEFINITIONS = (
					"DEBUG=1",
					"$(inherited)",
				);
				GCC_SYMBOLS_PRIVATE_EXTERN = NO;
				GCC_WARN_64_TO_32_BIT_CONVERSION = YES;
				GCC_WARN_ABOUT_RETURN_TYPE = YES_ERROR;
				GCC_WARN_UNDECLARED_SELECTOR = YES;
				GCC_WARN_UNINITIALIZED_AUTOS = YES_AGGRESSIVE;
				GCC_WARN_UNUSED_FUNCTION = YES;
				GCC_WARN_UNUSED_VARIABLE = YES;
				IPHONEOS_DEPLOYMENT_TARGET = 7.1;
				ONLY_ACTIVE_ARCH = YES;
				SDKROOT = iphoneos;
			};
			name = Debug;
		};
		F3CC949618AC9BCA00129BA1 /* Release */ = {
			isa = XCBuildConfiguration;
			buildSettings = {
				ALWAYS_SEARCH_USER_PATHS = NO;
				CLANG_CXX_LANGUAGE_STANDARD = "gnu++0x";
				CLANG_CXX_LIBRARY = "libc++";
				CLANG_ENABLE_MODULES = YES;
				CLANG_ENABLE_OBJC_ARC = YES;
				CLANG_WARN_BOOL_CONVERSION = YES;
				CLANG_WARN_CONSTANT_CONVERSION = YES;
				CLANG_WARN_DIRECT_OBJC_ISA_USAGE = YES_ERROR;
				CLANG_WARN_EMPTY_BODY = YES;
				CLANG_WARN_ENUM_CONVERSION = YES;
				CLANG_WARN_INT_CONVERSION = YES;
				CLANG_WARN_OBJC_ROOT_CLASS = YES_ERROR;
				CLANG_WARN__DUPLICATE_METHOD_MATCH = YES;
				"CODE_SIGN_IDENTITY[sdk=iphoneos*]" = "iPhone Developer";
				COPY_PHASE_STRIP = YES;
				ENABLE_NS_ASSERTIONS = NO;
				GCC_C_LANGUAGE_STANDARD = gnu99;
				GCC_WARN_64_TO_32_BIT_CONVERSION = YES;
				GCC_WARN_ABOUT_RETURN_TYPE = YES_ERROR;
				GCC_WARN_UNDECLARED_SELECTOR = YES;
				GCC_WARN_UNINITIALIZED_AUTOS = YES_AGGRESSIVE;
				GCC_WARN_UNUSED_FUNCTION = YES;
				GCC_WARN_UNUSED_VARIABLE = YES;
				IPHONEOS_DEPLOYMENT_TARGET = 7.1;
				SDKROOT = iphoneos;
				VALIDATE_PRODUCT = YES;
			};
			name = Release;
		};
		F3CC949818AC9BCA00129BA1 /* Debug */ = {
			isa = XCBuildConfiguration;
			buildSettings = {
				ASSETCATALOG_COMPILER_APPICON_NAME = AppIcon;
				ASSETCATALOG_COMPILER_LAUNCHIMAGE_NAME = LaunchImage;
				GCC_PRECOMPILE_PREFIX_HEADER = YES;
				GCC_PREFIX_HEADER = "SparkCoreDemo/SparkCoreDemo-Prefix.pch";
				INFOPLIST_FILE = "SparkCoreDemo/SparkCoreDemo-Info.plist";
				PRODUCT_NAME = "$(TARGET_NAME)";
				WRAPPER_EXTENSION = app;
			};
			name = Debug;
		};
		F3CC949918AC9BCA00129BA1 /* Release */ = {
			isa = XCBuildConfiguration;
			buildSettings = {
				ASSETCATALOG_COMPILER_APPICON_NAME = AppIcon;
				ASSETCATALOG_COMPILER_LAUNCHIMAGE_NAME = LaunchImage;
				GCC_PRECOMPILE_PREFIX_HEADER = YES;
				GCC_PREFIX_HEADER = "SparkCoreDemo/SparkCoreDemo-Prefix.pch";
				INFOPLIST_FILE = "SparkCoreDemo/SparkCoreDemo-Info.plist";
				PRODUCT_NAME = "$(TARGET_NAME)";
				WRAPPER_EXTENSION = app;
			};
			name = Release;
		};
		F3CC949B18AC9BCA00129BA1 /* Debug */ = {
			isa = XCBuildConfiguration;
			buildSettings = {
				BUNDLE_LOADER = "$(BUILT_PRODUCTS_DIR)/SparkCoreDemo.app/SparkCoreDemo";
				FRAMEWORK_SEARCH_PATHS = (
					"$(SDKROOT)/Developer/Library/Frameworks",
					"$(inherited)",
					"$(DEVELOPER_FRAMEWORKS_DIR)",
				);
				GCC_PRECOMPILE_PREFIX_HEADER = YES;
				GCC_PREFIX_HEADER = "SparkCoreDemo/SparkCoreDemo-Prefix.pch";
				GCC_PREPROCESSOR_DEFINITIONS = (
					"DEBUG=1",
					"$(inherited)",
				);
				INFOPLIST_FILE = "SparkCoreDemoTests/SparkCoreDemoTests-Info.plist";
				PRODUCT_NAME = "$(TARGET_NAME)";
				TEST_HOST = "$(BUNDLE_LOADER)";
				WRAPPER_EXTENSION = xctest;
			};
			name = Debug;
		};
		F3CC949C18AC9BCA00129BA1 /* Release */ = {
			isa = XCBuildConfiguration;
			buildSettings = {
				BUNDLE_LOADER = "$(BUILT_PRODUCTS_DIR)/SparkCoreDemo.app/SparkCoreDemo";
				FRAMEWORK_SEARCH_PATHS = (
					"$(SDKROOT)/Developer/Library/Frameworks",
					"$(inherited)",
					"$(DEVELOPER_FRAMEWORKS_DIR)",
				);
				GCC_PRECOMPILE_PREFIX_HEADER = YES;
				GCC_PREFIX_HEADER = "SparkCoreDemo/SparkCoreDemo-Prefix.pch";
				INFOPLIST_FILE = "SparkCoreDemoTests/SparkCoreDemoTests-Info.plist";
				PRODUCT_NAME = "$(TARGET_NAME)";
				TEST_HOST = "$(BUNDLE_LOADER)";
				WRAPPER_EXTENSION = xctest;
			};
			name = Release;
		};
/* End XCBuildConfiguration section */

/* Begin XCConfigurationList section */
		F3CC946018AC9BCA00129BA1 /* Build configuration list for PBXProject "SparkCoreDemo" */ = {
			isa = XCConfigurationList;
			buildConfigurations = (
				F3CC949518AC9BCA00129BA1 /* Debug */,
				F3CC949618AC9BCA00129BA1 /* Release */,
			);
			defaultConfigurationIsVisible = 0;
			defaultConfigurationName = Release;
		};
		F3CC949718AC9BCA00129BA1 /* Build configuration list for PBXNativeTarget "SparkCoreDemo" */ = {
			isa = XCConfigurationList;
			buildConfigurations = (
				F3CC949818AC9BCA00129BA1 /* Debug */,
				F3CC949918AC9BCA00129BA1 /* Release */,
			);
			defaultConfigurationIsVisible = 0;
		};
		F3CC949A18AC9BCA00129BA1 /* Build configuration list for PBXNativeTarget "SparkCoreDemoTests" */ = {
			isa = XCConfigurationList;
			buildConfigurations = (
				F3CC949B18AC9BCA00129BA1 /* Debug */,
				F3CC949C18AC9BCA00129BA1 /* Release */,
			);
			defaultConfigurationIsVisible = 0;
		};
/* End XCConfigurationList section */
	};
	rootObject = F3CC945D18AC9BCA00129BA1 /* Project object */;
}
